
Microsoft Visual Studio Solution File, Format Version 12.00
# Visual Studio 15
VisualStudioVersion = 15.0.27130.2010
MinimumVisualStudioVersion = 10.0.40219.1
Project("{FAE04EC0-301F-11D3-BF4B-00C04F79EFBC}") = "XamarinCameraApp.Android", "XamarinCameraApp\XamarinCameraApp.Android\XamarinCameraApp.Android.csproj", "{D53E6D13-0915-4981-8036-326661754C2B}"
EndProject
Project("{FAE04EC0-301F-11D3-BF4B-00C04F79EFBC}") = "XamarinCameraApp", "XamarinCameraApp\XamarinCameraApp\XamarinCameraApp.csproj", "{741B042A-CB5B-4DDE-B70D-E136302C92EE}"
EndProject
Global
	GlobalSection(SolutionConfigurationPlatforms) = preSolution
		Debug|Any CPU = Debug|Any CPU
		Release|Any CPU = Release|Any CPU
	EndGlobalSection
	GlobalSection(ProjectConfigurationPlatforms) = postSolution
		{D53E6D13-0915-4981-8036-326661754C2B}.Debug|Any CPU.ActiveCfg = Debug|Any CPU
		{D53E6D13-0915-4981-8036-326661754C2B}.Debug|Any CPU.Build.0 = Debug|Any CPU
		{D53E6D13-0915-4981-8036-326661754C2B}.Debug|Any CPU.Deploy.0 = Debug|Any CPU
		{D53E6D13-0915-4981-8036-326661754C2B}.Release|Any CPU.ActiveCfg = Release|Any CPU
		{D53E6D13-0915-4981-8036-326661754C2B}.Release|Any CPU.Build.0 = Release|Any CPU
		{D53E6D13-0915-4981-8036-326661754C2B}.Release|Any CPU.Deploy.0 = Release|Any CPU
		{741B042A-CB5B-4DDE-B70D-E136302C92EE}.Debug|Any CPU.ActiveCfg = Debug|Any CPU
		{741B042A-CB5B-4DDE-B70D-E136302C92EE}.Debug|Any CPU.Build.0 = Debug|Any CPU
		{741B042A-CB5B-4DDE-B70D-E136302C92EE}.Release|Any CPU.ActiveCfg = Release|Any CPU
		{741B042A-CB5B-4DDE-B70D-E136302C92EE}.Release|Any CPU.Build.0 = Release|Any CPU
	EndGlobalSection
	GlobalSection(SolutionProperties) = preSolution
		HideSolutionNode = FALSE
	EndGlobalSection
	GlobalSection(ExtensibilityGlobals) = postSolution
		SolutionGuid = {2B049004-1FD3-4BA6-8E6E-D596561AD4C0}
	EndGlobalSection
EndGlobal
